// !$*UTF8*$!
{
	archiveVersion = 1;
	classes = {
	};
	objectVersion = 56;
	objects = {

/* Begin PBXBuildFile section */
		922807B62D0E038900ACE427 /* AppCoordinator.swift in Sources */ = {isa = PBXBuildFile; fileRef = 922807B52D0E038900ACE427 /* AppCoordinator.swift */; };
		922807B82D0E04AB00ACE427 /* Coordinator.swift in Sources */ = {isa = PBXBuildFile; fileRef = 922807B72D0E04AB00ACE427 /* Coordinator.swift */; };
		922807BA2D0E0B9300ACE427 /* LaunchCoordinator.swift in Sources */ = {isa = PBXBuildFile; fileRef = 922807B92D0E0B9300ACE427 /* LaunchCoordinator.swift */; };
		922807BD2D0E0CC900ACE427 /* LaunchAssembly.swift in Sources */ = {isa = PBXBuildFile; fileRef = 922807BC2D0E0CC900ACE427 /* LaunchAssembly.swift */; };
		922807C02D0E14B600ACE427 /* Dependencies.swift in Sources */ = {isa = PBXBuildFile; fileRef = 922807BF2D0E14B600ACE427 /* Dependencies.swift */; };
		922807C22D0E152300ACE427 /* ModuleContainer.swift in Sources */ = {isa = PBXBuildFile; fileRef = 922807C12D0E152300ACE427 /* ModuleContainer.swift */; };
		922807C42D0E17F100ACE427 /* LaunchViewController.swift in Sources */ = {isa = PBXBuildFile; fileRef = 922807C32D0E17F100ACE427 /* LaunchViewController.swift */; };
		925EC75D2D11B8A500668F6C /* Constants.swift in Sources */ = {isa = PBXBuildFile; fileRef = 925EC75C2D11B8A500668F6C /* Constants.swift */; };
		925EC75F2D11CDCF00668F6C /* TabBarCoordinator.swift in Sources */ = {isa = PBXBuildFile; fileRef = 925EC75E2D11CDCF00668F6C /* TabBarCoordinator.swift */; };
		925EC7622D11CF4900668F6C /* TabBarAssembly.swift in Sources */ = {isa = PBXBuildFile; fileRef = 925EC7612D11CF4900668F6C /* TabBarAssembly.swift */; };
		925EC7642D11CF5800668F6C /* TabBarViewController.swift in Sources */ = {isa = PBXBuildFile; fileRef = 925EC7632D11CF5800668F6C /* TabBarViewController.swift */; };
		925EC7682D12DEA200668F6C /* EpisodesViewController.swift in Sources */ = {isa = PBXBuildFile; fileRef = 925EC7672D12DEA200668F6C /* EpisodesViewController.swift */; };
		925EC76A2D12DED500668F6C /* FavouritesViewController.swift in Sources */ = {isa = PBXBuildFile; fileRef = 925EC7692D12DED500668F6C /* FavouritesViewController.swift */; };
		925EC76C2D12DF7C00668F6C /* EpisodesAssembly.swift in Sources */ = {isa = PBXBuildFile; fileRef = 925EC76B2D12DF7C00668F6C /* EpisodesAssembly.swift */; };
		925EC76E2D12DFDD00668F6C /* FavouritesAssembly.swift in Sources */ = {isa = PBXBuildFile; fileRef = 925EC76D2D12DFDD00668F6C /* FavouritesAssembly.swift */; };
		926601A02D1423B90096020E /* Episodes.swift in Sources */ = {isa = PBXBuildFile; fileRef = 9266019F2D1423B90096020E /* Episodes.swift */; };
		926601A32D14283A0096020E /* EpisodesCell.swift in Sources */ = {isa = PBXBuildFile; fileRef = 926601A22D1428390096020E /* EpisodesCell.swift */; };
		926601A52D142AF20096020E /* Character.swift in Sources */ = {isa = PBXBuildFile; fileRef = 926601A42D142AF20096020E /* Character.swift */; };
		926601A82D1437E40096020E /* CharacterViewController.swift in Sources */ = {isa = PBXBuildFile; fileRef = 926601A72D1437E40096020E /* CharacterViewController.swift */; };
		926601AA2D1437F60096020E /* CharacterAssembly.swift in Sources */ = {isa = PBXBuildFile; fileRef = 926601A92D1437F60096020E /* CharacterAssembly.swift */; };
		926601B02D143C490096020E /* CharacterCoordinator.swift in Sources */ = {isa = PBXBuildFile; fileRef = 926601AF2D143C490096020E /* CharacterCoordinator.swift */; };
		926601B42D1448410096020E /* EpisodesViewModel.swift in Sources */ = {isa = PBXBuildFile; fileRef = 926601B32D1448410096020E /* EpisodesViewModel.swift */; };
		929B4EFA2D0A062D003E8569 /* AppDelegate.swift in Sources */ = {isa = PBXBuildFile; fileRef = 929B4EF92D0A062D003E8569 /* AppDelegate.swift */; };
		929B4EFC2D0A062D003E8569 /* SceneDelegate.swift in Sources */ = {isa = PBXBuildFile; fileRef = 929B4EFB2D0A062D003E8569 /* SceneDelegate.swift */; };
		929B4F032D0A062F003E8569 /* Assets.xcassets in Resources */ = {isa = PBXBuildFile; fileRef = 929B4F022D0A062F003E8569 /* Assets.xcassets */; };
		929B4F062D0A062F003E8569 /* LaunchScreen.storyboard in Resources */ = {isa = PBXBuildFile; fileRef = 929B4F042D0A062F003E8569 /* LaunchScreen.storyboard */; };
/* End PBXBuildFile section */

/* Begin PBXFileReference section */
		922807B52D0E038900ACE427 /* AppCoordinator.swift */ = {isa = PBXFileReference; lastKnownFileType = sourcecode.swift; path = AppCoordinator.swift; sourceTree = "<group>"; };
		922807B72D0E04AB00ACE427 /* Coordinator.swift */ = {isa = PBXFileReference; lastKnownFileType = sourcecode.swift; path = Coordinator.swift; sourceTree = "<group>"; };
		922807B92D0E0B9300ACE427 /* LaunchCoordinator.swift */ = {isa = PBXFileReference; lastKnownFileType = sourcecode.swift; path = LaunchCoordinator.swift; sourceTree = "<group>"; };
		922807BC2D0E0CC900ACE427 /* LaunchAssembly.swift */ = {isa = PBXFileReference; lastKnownFileType = sourcecode.swift; path = LaunchAssembly.swift; sourceTree = "<group>"; };
		922807BF2D0E14B600ACE427 /* Dependencies.swift */ = {isa = PBXFileReference; lastKnownFileType = sourcecode.swift; path = Dependencies.swift; sourceTree = "<group>"; };
		922807C12D0E152300ACE427 /* ModuleContainer.swift */ = {isa = PBXFileReference; lastKnownFileType = sourcecode.swift; path = ModuleContainer.swift; sourceTree = "<group>"; };
		922807C32D0E17F100ACE427 /* LaunchViewController.swift */ = {isa = PBXFileReference; lastKnownFileType = sourcecode.swift; path = LaunchViewController.swift; sourceTree = "<group>"; };
		925EC75C2D11B8A500668F6C /* Constants.swift */ = {isa = PBXFileReference; lastKnownFileType = sourcecode.swift; path = Constants.swift; sourceTree = "<group>"; };
		925EC75E2D11CDCF00668F6C /* TabBarCoordinator.swift */ = {isa = PBXFileReference; lastKnownFileType = sourcecode.swift; path = TabBarCoordinator.swift; sourceTree = "<group>"; };
		925EC7612D11CF4900668F6C /* TabBarAssembly.swift */ = {isa = PBXFileReference; lastKnownFileType = sourcecode.swift; path = TabBarAssembly.swift; sourceTree = "<group>"; };
		925EC7632D11CF5800668F6C /* TabBarViewController.swift */ = {isa = PBXFileReference; lastKnownFileType = sourcecode.swift; path = TabBarViewController.swift; sourceTree = "<group>"; };
		925EC7672D12DEA200668F6C /* EpisodesViewController.swift */ = {isa = PBXFileReference; lastKnownFileType = sourcecode.swift; path = EpisodesViewController.swift; sourceTree = "<group>"; };
		925EC7692D12DED500668F6C /* FavouritesViewController.swift */ = {isa = PBXFileReference; lastKnownFileType = sourcecode.swift; path = FavouritesViewController.swift; sourceTree = "<group>"; };
		925EC76B2D12DF7C00668F6C /* EpisodesAssembly.swift */ = {isa = PBXFileReference; lastKnownFileType = sourcecode.swift; path = EpisodesAssembly.swift; sourceTree = "<group>"; };
		925EC76D2D12DFDD00668F6C /* FavouritesAssembly.swift */ = {isa = PBXFileReference; lastKnownFileType = sourcecode.swift; path = FavouritesAssembly.swift; sourceTree = "<group>"; };
		9266019F2D1423B90096020E /* Episodes.swift */ = {isa = PBXFileReference; lastKnownFileType = sourcecode.swift; path = Episodes.swift; sourceTree = "<group>"; };
		926601A22D1428390096020E /* EpisodesCell.swift */ = {isa = PBXFileReference; lastKnownFileType = sourcecode.swift; path = EpisodesCell.swift; sourceTree = "<group>"; };
		926601A42D142AF20096020E /* Character.swift */ = {isa = PBXFileReference; lastKnownFileType = sourcecode.swift; path = Character.swift; sourceTree = "<group>"; };
		926601A72D1437E40096020E /* CharacterViewController.swift */ = {isa = PBXFileReference; lastKnownFileType = sourcecode.swift; path = CharacterViewController.swift; sourceTree = "<group>"; };
		926601A92D1437F60096020E /* CharacterAssembly.swift */ = {isa = PBXFileReference; lastKnownFileType = sourcecode.swift; path = CharacterAssembly.swift; sourceTree = "<group>"; };
		926601AF2D143C490096020E /* CharacterCoordinator.swift */ = {isa = PBXFileReference; lastKnownFileType = sourcecode.swift; path = CharacterCoordinator.swift; sourceTree = "<group>"; };
		926601B32D1448410096020E /* EpisodesViewModel.swift */ = {isa = PBXFileReference; lastKnownFileType = sourcecode.swift; path = EpisodesViewModel.swift; sourceTree = "<group>"; };
		929B4EF62D0A062D003E8569 /* rickAndMorty.app */ = {isa = PBXFileReference; explicitFileType = wrapper.application; includeInIndex = 0; path = rickAndMorty.app; sourceTree = BUILT_PRODUCTS_DIR; };
		929B4EF92D0A062D003E8569 /* AppDelegate.swift */ = {isa = PBXFileReference; lastKnownFileType = sourcecode.swift; path = AppDelegate.swift; sourceTree = "<group>"; };
		929B4EFB2D0A062D003E8569 /* SceneDelegate.swift */ = {isa = PBXFileReference; lastKnownFileType = sourcecode.swift; path = SceneDelegate.swift; sourceTree = "<group>"; };
		929B4F022D0A062F003E8569 /* Assets.xcassets */ = {isa = PBXFileReference; lastKnownFileType = folder.assetcatalog; path = Assets.xcassets; sourceTree = "<group>"; };
		929B4F052D0A062F003E8569 /* Base */ = {isa = PBXFileReference; lastKnownFileType = file.storyboard; name = Base; path = Base.lproj/LaunchScreen.storyboard; sourceTree = "<group>"; };
		929B4F072D0A062F003E8569 /* Info.plist */ = {isa = PBXFileReference; lastKnownFileType = text.plist.xml; path = Info.plist; sourceTree = "<group>"; };
/* End PBXFileReference section */

/* Begin PBXFrameworksBuildPhase section */
		929B4EF32D0A062D003E8569 /* Frameworks */ = {
			isa = PBXFrameworksBuildPhase;
			buildActionMask = 2147483647;
			files = (
			);
			runOnlyForDeploymentPostprocessing = 0;
		};
/* End PBXFrameworksBuildPhase section */

/* Begin PBXGroup section */
		922807BB2D0E0CA400ACE427 /* Launch */ = {
			isa = PBXGroup;
			children = (
				929B4F042D0A062F003E8569 /* LaunchScreen.storyboard */,
				922807BC2D0E0CC900ACE427 /* LaunchAssembly.swift */,
				922807C32D0E17F100ACE427 /* LaunchViewController.swift */,
			);
			path = Launch;
			sourceTree = "<group>";
		};
		922807BE2D0E149E00ACE427 /* Dependency */ = {
			isa = PBXGroup;
			children = (
				922807BF2D0E14B600ACE427 /* Dependencies.swift */,
				922807C12D0E152300ACE427 /* ModuleContainer.swift */,
			);
			path = Dependency;
			sourceTree = "<group>";
		};
		922807C52D0E1F0000ACE427 /* Supporting files */ = {
			isa = PBXGroup;
			children = (
				929B4EF92D0A062D003E8569 /* AppDelegate.swift */,
				929B4EFB2D0A062D003E8569 /* SceneDelegate.swift */,
				929B4F022D0A062F003E8569 /* Assets.xcassets */,
				929B4F072D0A062F003E8569 /* Info.plist */,
			);
			path = "Supporting files";
			sourceTree = "<group>";
		};
		925EC75B2D11B88000668F6C /* Extension */ = {
			isa = PBXGroup;
			children = (
				925EC75C2D11B8A500668F6C /* Constants.swift */,
			);
			path = Extension;
			sourceTree = "<group>";
		};
		925EC7602D11CF1E00668F6C /* TabBarView */ = {
			isa = PBXGroup;
			children = (
				925EC7612D11CF4900668F6C /* TabBarAssembly.swift */,
				925EC7632D11CF5800668F6C /* TabBarViewController.swift */,
			);
			path = TabBarView;
			sourceTree = "<group>";
		};
		925EC7652D12DE7000668F6C /* Episodes */ = {
			isa = PBXGroup;
			children = (
				926601A12D1426FB0096020E /* EpisodesCell */,
				925EC76B2D12DF7C00668F6C /* EpisodesAssembly.swift */,
				925EC7672D12DEA200668F6C /* EpisodesViewController.swift */,
				926601B32D1448410096020E /* EpisodesViewModel.swift */,
			);
			path = Episodes;
			sourceTree = "<group>";
		};
		925EC7662D12DE7F00668F6C /* Favourites */ = {
			isa = PBXGroup;
			children = (
				925EC76D2D12DFDD00668F6C /* FavouritesAssembly.swift */,
				925EC7692D12DED500668F6C /* FavouritesViewController.swift */,
			);
			path = Favourites;
			sourceTree = "<group>";
		};
		9266019A2D1422F60096020E /* Models */ = {
			isa = PBXGroup;
			children = (
				9266019F2D1423B90096020E /* Episodes.swift */,
				926601A42D142AF20096020E /* Character.swift */,
			);
			path = Models;
			sourceTree = "<group>";
		};
		926601A12D1426FB0096020E /* EpisodesCell */ = {
			isa = PBXGroup;
			children = (
				926601A22D1428390096020E /* EpisodesCell.swift */,
			);
			path = EpisodesCell;
			sourceTree = "<group>";
		};
		926601A62D142D010096020E /* Character */ = {
			isa = PBXGroup;
			children = (
				926601A92D1437F60096020E /* CharacterAssembly.swift */,
				926601A72D1437E40096020E /* CharacterViewController.swift */,
			);
			path = Character;
			sourceTree = "<group>";
		};
		929B4EED2D0A062D003E8569 = {
			isa = PBXGroup;
			children = (
				929B4EF82D0A062D003E8569 /* rickAndMorty */,
				929B4EF72D0A062D003E8569 /* Products */,
			);
			sourceTree = "<group>";
		};
		929B4EF72D0A062D003E8569 /* Products */ = {
			isa = PBXGroup;
			children = (
				929B4EF62D0A062D003E8569 /* rickAndMorty.app */,
			);
			name = Products;
			sourceTree = "<group>";
		};
		929B4EF82D0A062D003E8569 /* rickAndMorty */ = {
			isa = PBXGroup;
			children = (
				9266019A2D1422F60096020E /* Models */,
				925EC75B2D11B88000668F6C /* Extension */,
				922807BE2D0E149E00ACE427 /* Dependency */,
				929B4F0D2D0DFF57003E8569 /* Coordinator */,
				929B4F0E2D0DFF6B003E8569 /* Module */,
				922807C52D0E1F0000ACE427 /* Supporting files */,
			);
			path = rickAndMorty;
			sourceTree = "<group>";
		};
		929B4F0D2D0DFF57003E8569 /* Coordinator */ = {
			isa = PBXGroup;
			children = (
				922807B52D0E038900ACE427 /* AppCoordinator.swift */,
				922807B72D0E04AB00ACE427 /* Coordinator.swift */,
				922807B92D0E0B9300ACE427 /* LaunchCoordinator.swift */,
				925EC75E2D11CDCF00668F6C /* TabBarCoordinator.swift */,
				926601AF2D143C490096020E /* CharacterCoordinator.swift */,
			);
			path = Coordinator;
			sourceTree = "<group>";
		};
		929B4F0E2D0DFF6B003E8569 /* Module */ = {
			isa = PBXGroup;
			children = (
				922807BB2D0E0CA400ACE427 /* Launch */,
				925EC7602D11CF1E00668F6C /* TabBarView */,
				925EC7652D12DE7000668F6C /* Episodes */,
				926601A62D142D010096020E /* Character */,
				925EC7662D12DE7F00668F6C /* Favourites */,
			);
			path = Module;
			sourceTree = "<group>";
		};
/* End PBXGroup section */

/* Begin PBXNativeTarget section */
		929B4EF52D0A062D003E8569 /* rickAndMorty */ = {
			isa = PBXNativeTarget;
			buildConfigurationList = 929B4F0A2D0A062F003E8569 /* Build configuration list for PBXNativeTarget "rickAndMorty" */;
			buildPhases = (
				929B4EF22D0A062D003E8569 /* Sources */,
				929B4EF32D0A062D003E8569 /* Frameworks */,
				929B4EF42D0A062D003E8569 /* Resources */,
			);
			buildRules = (
			);
			dependencies = (
			);
			name = rickAndMorty;
			productName = rickAndMorty;
			productReference = 929B4EF62D0A062D003E8569 /* rickAndMorty.app */;
			productType = "com.apple.product-type.application";
		};
/* End PBXNativeTarget section */

/* Begin PBXProject section */
		929B4EEE2D0A062D003E8569 /* Project object */ = {
			isa = PBXProject;
			attributes = {
				BuildIndependentTargetsInParallel = 1;
				LastSwiftUpdateCheck = 1520;
				LastUpgradeCheck = 1520;
				TargetAttributes = {
					929B4EF52D0A062D003E8569 = {
						CreatedOnToolsVersion = 15.2;
					};
				};
			};
			buildConfigurationList = 929B4EF12D0A062D003E8569 /* Build configuration list for PBXProject "rickAndMorty" */;
			compatibilityVersion = "Xcode 14.0";
			developmentRegion = en;
			hasScannedForEncodings = 0;
			knownRegions = (
				en,
				Base,
			);
			mainGroup = 929B4EED2D0A062D003E8569;
			productRefGroup = 929B4EF72D0A062D003E8569 /* Products */;
			projectDirPath = "";
			projectRoot = "";
			targets = (
				929B4EF52D0A062D003E8569 /* rickAndMorty */,
			);
		};
/* End PBXProject section */

/* Begin PBXResourcesBuildPhase section */
		929B4EF42D0A062D003E8569 /* Resources */ = {
			isa = PBXResourcesBuildPhase;
			buildActionMask = 2147483647;
			files = (
				929B4F062D0A062F003E8569 /* LaunchScreen.storyboard in Resources */,
				929B4F032D0A062F003E8569 /* Assets.xcassets in Resources */,
			);
			runOnlyForDeploymentPostprocessing = 0;
		};
/* End PBXResourcesBuildPhase section */

/* Begin PBXSourcesBuildPhase section */
		929B4EF22D0A062D003E8569 /* Sources */ = {
			isa = PBXSourcesBuildPhase;
			buildActionMask = 2147483647;
			files = (
				922807B62D0E038900ACE427 /* AppCoordinator.swift in Sources */,
				922807C42D0E17F100ACE427 /* LaunchViewController.swift in Sources */,
				925EC7682D12DEA200668F6C /* EpisodesViewController.swift in Sources */,
				925EC76A2D12DED500668F6C /* FavouritesViewController.swift in Sources */,
				922807B82D0E04AB00ACE427 /* Coordinator.swift in Sources */,
				929B4EFA2D0A062D003E8569 /* AppDelegate.swift in Sources */,
				926601B42D1448410096020E /* EpisodesViewModel.swift in Sources */,
				922807C02D0E14B600ACE427 /* Dependencies.swift in Sources */,
				926601A52D142AF20096020E /* Character.swift in Sources */,
				925EC75D2D11B8A500668F6C /* Constants.swift in Sources */,
				926601A82D1437E40096020E /* CharacterViewController.swift in Sources */,
				925EC75F2D11CDCF00668F6C /* TabBarCoordinator.swift in Sources */,
				926601A02D1423B90096020E /* Episodes.swift in Sources */,
				925EC7622D11CF4900668F6C /* TabBarAssembly.swift in Sources */,
				929B4EFC2D0A062D003E8569 /* SceneDelegate.swift in Sources */,
				926601B02D143C490096020E /* CharacterCoordinator.swift in Sources */,
				922807C22D0E152300ACE427 /* ModuleContainer.swift in Sources */,
				926601AA2D1437F60096020E /* CharacterAssembly.swift in Sources */,
				925EC7642D11CF5800668F6C /* TabBarViewController.swift in Sources */,
				925EC76E2D12DFDD00668F6C /* FavouritesAssembly.swift in Sources */,
				925EC76C2D12DF7C00668F6C /* EpisodesAssembly.swift in Sources */,
				922807BD2D0E0CC900ACE427 /* LaunchAssembly.swift in Sources */,
				926601A32D14283A0096020E /* EpisodesCell.swift in Sources */,
				922807BA2D0E0B9300ACE427 /* LaunchCoordinator.swift in Sources */,
			);
			runOnlyForDeploymentPostprocessing = 0;
		};
/* End PBXSourcesBuildPhase section */

/* Begin PBXVariantGroup section */
		929B4F042D0A062F003E8569 /* LaunchScreen.storyboard */ = {
			isa = PBXVariantGroup;
			children = (
				929B4F052D0A062F003E8569 /* Base */,
			);
			name = LaunchScreen.storyboard;
			sourceTree = "<group>";
		};
/* End PBXVariantGroup section */

/* Begin XCBuildConfiguration section */
		929B4F082D0A062F003E8569 /* Debug */ = {
			isa = XCBuildConfiguration;
			buildSettings = {
				ALWAYS_SEARCH_USER_PATHS = NO;
				ASSETCATALOG_COMPILER_GENERATE_SWIFT_ASSET_SYMBOL_EXTENSIONS = YES;
				CLANG_ANALYZER_NONNULL = YES;
				CLANG_ANALYZER_NUMBER_OBJECT_CONVERSION = YES_AGGRESSIVE;
				CLANG_CXX_LANGUAGE_STANDARD = "gnu++20";
				CLANG_ENABLE_MODULES = YES;
				CLANG_ENABLE_OBJC_ARC = YES;
				CLANG_ENABLE_OBJC_WEAK = YES;
				CLANG_WARN_BLOCK_CAPTURE_AUTORELEASING = YES;
				CLANG_WARN_BOOL_CONVERSION = YES;
				CLANG_WARN_COMMA = YES;
				CLANG_WARN_CONSTANT_CONVERSION = YES;
				CLANG_WARN_DEPRECATED_OBJC_IMPLEMENTATIONS = YES;
				CLANG_WARN_DIRECT_OBJC_ISA_USAGE = YES_ERROR;
				CLANG_WARN_DOCUMENTATION_COMMENTS = YES;
				CLANG_WARN_EMPTY_BODY = YES;
				CLANG_WARN_ENUM_CONVERSION = YES;
				CLANG_WARN_INFINITE_RECURSION = YES;
				CLANG_WARN_INT_CONVERSION = YES;
				CLANG_WARN_NON_LITERAL_NULL_CONVERSION = YES;
				CLANG_WARN_OBJC_IMPLICIT_RETAIN_SELF = YES;
				CLANG_WARN_OBJC_LITERAL_CONVERSION = YES;
				CLANG_WARN_OBJC_ROOT_CLASS = YES_ERROR;
				CLANG_WARN_QUOTED_INCLUDE_IN_FRAMEWORK_HEADER = YES;
				CLANG_WARN_RANGE_LOOP_ANALYSIS = YES;
				CLANG_WARN_STRICT_PROTOTYPES = YES;
				CLANG_WARN_SUSPICIOUS_MOVE = YES;
				CLANG_WARN_UNGUARDED_AVAILABILITY = YES_AGGRESSIVE;
				CLANG_WARN_UNREACHABLE_CODE = YES;
				CLANG_WARN__DUPLICATE_METHOD_MATCH = YES;
				COPY_PHASE_STRIP = NO;
				DEBUG_INFORMATION_FORMAT = dwarf;
				ENABLE_STRICT_OBJC_MSGSEND = YES;
				ENABLE_TESTABILITY = YES;
				ENABLE_USER_SCRIPT_SANDBOXING = YES;
				GCC_C_LANGUAGE_STANDARD = gnu17;
				GCC_DYNAMIC_NO_PIC = NO;
				GCC_NO_COMMON_BLOCKS = YES;
				GCC_OPTIMIZATION_LEVEL = 0;
				GCC_PREPROCESSOR_DEFINITIONS = (
					"DEBUG=1",
					"$(inherited)",
				);
				GCC_WARN_64_TO_32_BIT_CONVERSION = YES;
				GCC_WARN_ABOUT_RETURN_TYPE = YES_ERROR;
				GCC_WARN_UNDECLARED_SELECTOR = YES;
				GCC_WARN_UNINITIALIZED_AUTOS = YES_AGGRESSIVE;
				GCC_WARN_UNUSED_FUNCTION = YES;
				GCC_WARN_UNUSED_VARIABLE = YES;
				IPHONEOS_DEPLOYMENT_TARGET = 17.2;
				LOCALIZATION_PREFERS_STRING_CATALOGS = YES;
				MTL_ENABLE_DEBUG_INFO = INCLUDE_SOURCE;
				MTL_FAST_MATH = YES;
				ONLY_ACTIVE_ARCH = YES;
				SDKROOT = iphoneos;
				SWIFT_ACTIVE_COMPILATION_CONDITIONS = "DEBUG $(inherited)";
				SWIFT_OPTIMIZATION_LEVEL = "-Onone";
			};
			name = Debug;
		};
		929B4F092D0A062F003E8569 /* Release */ = {
			isa = XCBuildConfiguration;
			buildSettings = {
				ALWAYS_SEARCH_USER_PATHS = NO;
				ASSETCATALOG_COMPILER_GENERATE_SWIFT_ASSET_SYMBOL_EXTENSIONS = YES;
				CLANG_ANALYZER_NONNULL = YES;
				CLANG_ANALYZER_NUMBER_OBJECT_CONVERSION = YES_AGGRESSIVE;
				CLANG_CXX_LANGUAGE_STANDARD = "gnu++20";
				CLANG_ENABLE_MODULES = YES;
				CLANG_ENABLE_OBJC_ARC = YES;
				CLANG_ENABLE_OBJC_WEAK = YES;
				CLANG_WARN_BLOCK_CAPTURE_AUTORELEASING = YES;
				CLANG_WARN_BOOL_CONVERSION = YES;
				CLANG_WARN_COMMA = YES;
				CLANG_WARN_CONSTANT_CONVERSION = YES;
				CLANG_WARN_DEPRECATED_OBJC_IMPLEMENTATIONS = YES;
				CLANG_WARN_DIRECT_OBJC_ISA_USAGE = YES_ERROR;
				CLANG_WARN_DOCUMENTATION_COMMENTS = YES;
				CLANG_WARN_EMPTY_BODY = YES;
				CLANG_WARN_ENUM_CONVERSION = YES;
				CLANG_WARN_INFINITE_RECURSION = YES;
				CLANG_WARN_INT_CONVERSION = YES;
				CLANG_WARN_NON_LITERAL_NULL_CONVERSION = YES;
				CLANG_WARN_OBJC_IMPLICIT_RETAIN_SELF = YES;
				CLANG_WARN_OBJC_LITERAL_CONVERSION = YES;
				CLANG_WARN_OBJC_ROOT_CLASS = YES_ERROR;
				CLANG_WARN_QUOTED_INCLUDE_IN_FRAMEWORK_HEADER = YES;
				CLANG_WARN_RANGE_LOOP_ANALYSIS = YES;
				CLANG_WARN_STRICT_PROTOTYPES = YES;
				CLANG_WARN_SUSPICIOUS_MOVE = YES;
				CLANG_WARN_UNGUARDED_AVAILABILITY = YES_AGGRESSIVE;
				CLANG_WARN_UNREACHABLE_CODE = YES;
				CLANG_WARN__DUPLICATE_METHOD_MATCH = YES;
				COPY_PHASE_STRIP = NO;
				DEBUG_INFORMATION_FORMAT = "dwarf-with-dsym";
				ENABLE_NS_ASSERTIONS = NO;
				ENABLE_STRICT_OBJC_MSGSEND = YES;
				ENABLE_USER_SCRIPT_SANDBOXING = YES;
				GCC_C_LANGUAGE_STANDARD = gnu17;
				GCC_NO_COMMON_BLOCKS = YES;
				GCC_WARN_64_TO_32_BIT_CONVERSION = YES;
				GCC_WARN_ABOUT_RETURN_TYPE = YES_ERROR;
				GCC_WARN_UNDECLARED_SELECTOR = YES;
				GCC_WARN_UNINITIALIZED_AUTOS = YES_AGGRESSIVE;
				GCC_WARN_UNUSED_FUNCTION = YES;
				GCC_WARN_UNUSED_VARIABLE = YES;
				IPHONEOS_DEPLOYMENT_TARGET = 17.2;
				LOCALIZATION_PREFERS_STRING_CATALOGS = YES;
				MTL_ENABLE_DEBUG_INFO = NO;
				MTL_FAST_MATH = YES;
				SDKROOT = iphoneos;
				SWIFT_COMPILATION_MODE = wholemodule;
				VALIDATE_PRODUCT = YES;
			};
			name = Release;
		};
		929B4F0B2D0A062F003E8569 /* Debug */ = {
			isa = XCBuildConfiguration;
			buildSettings = {
				ASSETCATALOG_COMPILER_APPICON_NAME = AppIcon;
				ASSETCATALOG_COMPILER_GLOBAL_ACCENT_COLOR_NAME = AccentColor;
				CODE_SIGN_STYLE = Automatic;
				CURRENT_PROJECT_VERSION = 1;
				DEVELOPMENT_TEAM = U64PC6F3M5;
				GENERATE_INFOPLIST_FILE = YES;
				INFOPLIST_FILE = "rickAndMorty/Supporting files/Info.plist";
				INFOPLIST_KEY_UIApplicationSupportsIndirectInputEvents = YES;
				INFOPLIST_KEY_UILaunchStoryboardName = LaunchScreen;
				INFOPLIST_KEY_UISupportedInterfaceOrientations_iPad = "UIInterfaceOrientationPortrait UIInterfaceOrientationPortraitUpsideDown UIInterfaceOrientationLandscapeLeft UIInterfaceOrientationLandscapeRight";
				INFOPLIST_KEY_UISupportedInterfaceOrientations_iPhone = "UIInterfaceOrientationPortrait UIInterfaceOrientationLandscapeLeft UIInterfaceOrientationLandscapeRight";
				LD_RUNPATH_SEARCH_PATHS = (
					"$(inherited)",
					"@executable_path/Frameworks",
				);
				MARKETING_VERSION = 1.0;
				PRODUCT_BUNDLE_IDENTIFIER = "khatsuk007-gmail.com.rickAndMorty";
				PRODUCT_NAME = "$(TARGET_NAME)";
				SWIFT_EMIT_LOC_STRINGS = YES;
				SWIFT_VERSION = 5.0;
				TARGETED_DEVICE_FAMILY = "1,2";
			};
			name = Debug;
		};
		929B4F0C2D0A062F003E8569 /* Release */ = {
			isa = XCBuildConfiguration;
			buildSettings = {
				ASSETCATALOG_COMPILER_APPICON_NAME = AppIcon;
				ASSETCATALOG_COMPILER_GLOBAL_ACCENT_COLOR_NAME = AccentColor;
				CODE_SIGN_STYLE = Automatic;
				CURRENT_PROJECT_VERSION = 1;
				DEVELOPMENT_TEAM = U64PC6F3M5;
				GENERATE_INFOPLIST_FILE = YES;
				INFOPLIST_FILE = "rickAndMorty/Supporting files/Info.plist";
				INFOPLIST_KEY_UIApplicationSupportsIndirectInputEvents = YES;
				INFOPLIST_KEY_UILaunchStoryboardName = LaunchScreen;
				INFOPLIST_KEY_UISupportedInterfaceOrientations_iPad = "UIInterfaceOrientationPortrait UIInterfaceOrientationPortraitUpsideDown UIInterfaceOrientationLandscapeLeft UIInterfaceOrientationLandscapeRight";
				INFOPLIST_KEY_UISupportedInterfaceOrientations_iPhone = "UIInterfaceOrientationPortrait UIInterfaceOrientationLandscapeLeft UIInterfaceOrientationLandscapeRight";
				LD_RUNPATH_SEARCH_PATHS = (
					"$(inherited)",
					"@executable_path/Frameworks",
				);
				MARKETING_VERSION = 1.0;
				PRODUCT_BUNDLE_IDENTIFIER = "khatsuk007-gmail.com.rickAndMorty";
				PRODUCT_NAME = "$(TARGET_NAME)";
				SWIFT_EMIT_LOC_STRINGS = YES;
				SWIFT_VERSION = 5.0;
				TARGETED_DEVICE_FAMILY = "1,2";
			};
			name = Release;
		};
/* End XCBuildConfiguration section */

/* Begin XCConfigurationList section */
		929B4EF12D0A062D003E8569 /* Build configuration list for PBXProject "rickAndMorty" */ = {
			isa = XCConfigurationList;
			buildConfigurations = (
				929B4F082D0A062F003E8569 /* Debug */,
				929B4F092D0A062F003E8569 /* Release */,
			);
			defaultConfigurationIsVisible = 0;
			defaultConfigurationName = Release;
		};
		929B4F0A2D0A062F003E8569 /* Build configuration list for PBXNativeTarget "rickAndMorty" */ = {
			isa = XCConfigurationList;
			buildConfigurations = (
				929B4F0B2D0A062F003E8569 /* Debug */,
				929B4F0C2D0A062F003E8569 /* Release */,
			);
			defaultConfigurationIsVisible = 0;
			defaultConfigurationName = Release;
		};
/* End XCConfigurationList section */
	};
	rootObject = 929B4EEE2D0A062D003E8569 /* Project object */;
}
